
Microsoft Visual Studio Solution File, Format Version 12.00
# Visual Studio 14
VisualStudioVersion = 14.0.25420.1
MinimumVisualStudioVersion = 10.0.40219.1
Project("{FAE04EC0-301F-11D3-BF4B-00C04F79EFBC}") = "Farfetch.Strategy", "Farfetch\Farfetch.Strategy.csproj", "{EF168DA4-A9B6-456E-ADD0-B0F53E49477D}"
EndProject
Project("{FAE04EC0-301F-11D3-BF4B-00C04F79EFBC}") = "Farfetch.Factory", "Farfetch.Factory\Farfetch.Factory.csproj", "{A09D12EF-AF9E-45FF-82B1-F67B23B3E52C}"
EndProject
Global
	GlobalSection(SolutionConfigurationPlatforms) = preSolution
		Debug|Any CPU = Debug|Any CPU
		Release|Any CPU = Release|Any CPU
	EndGlobalSection
	GlobalSection(ProjectConfigurationPlatforms) = postSolution
		{EF168DA4-A9B6-456E-ADD0-B0F53E49477D}.Debug|Any CPU.ActiveCfg = Debug|Any CPU
		{EF168DA4-A9B6-456E-ADD0-B0F53E49477D}.Debug|Any CPU.Build.0 = Debug|Any CPU
		{EF168DA4-A9B6-456E-ADD0-B0F53E49477D}.Release|Any CPU.ActiveCfg = Release|Any CPU
		{EF168DA4-A9B6-456E-ADD0-B0F53E49477D}.Release|Any CPU.Build.0 = Release|Any CPU
		{A09D12EF-AF9E-45FF-82B1-F67B23B3E52C}.Debug|Any CPU.ActiveCfg = Debug|Any CPU
		{A09D12EF-AF9E-45FF-82B1-F67B23B3E52C}.Debug|Any CPU.Build.0 = Debug|Any CPU
		{A09D12EF-AF9E-45FF-82B1-F67B23B3E52C}.Release|Any CPU.ActiveCfg = Release|Any CPU
		{A09D12EF-AF9E-45FF-82B1-F67B23B3E52C}.Release|Any CPU.Build.0 = Release|Any CPU
	EndGlobalSection
	GlobalSection(SolutionProperties) = preSolution
		HideSolutionNode = FALSE
	EndGlobalSection
EndGlobal
